
Microsoft Visual Studio Solution File, Format Version 12.00
# Visual Studio 15
VisualStudioVersion = 15.0.28307.572
MinimumVisualStudioVersion = 10.0.40219.1
Project("{FAE04EC0-301F-11D3-BF4B-00C04F79EFBC}") = "ConsoleUI", "ConsoleUI\ConsoleUI.csproj", "{88DE5DD7-9CCB-44CE-9005-01D021A2A3FC}"
EndProject
Global
	GlobalSection(SolutionConfigurationPlatforms) = preSolution
		Debug|Any CPU = Debug|Any CPU
		Release|Any CPU = Release|Any CPU
	EndGlobalSection
	GlobalSection(ProjectConfigurationPlatforms) = postSolution
		{88DE5DD7-9CCB-44CE-9005-01D021A2A3FC}.Debug|Any CPU.ActiveCfg = Debug|Any CPU
		{88DE5DD7-9CCB-44CE-9005-01D021A2A3FC}.Debug|Any CPU.Build.0 = Debug|Any CPU
		{88DE5DD7-9CCB-44CE-9005-01D021A2A3FC}.Release|Any CPU.ActiveCfg = Release|Any CPU
		{88DE5DD7-9CCB-44CE-9005-01D021A2A3FC}.Release|Any CPU.Build.0 = Release|Any CPU
	EndGlobalSection
	GlobalSection(SolutionProperties) = preSolution
		HideSolutionNode = FALSE
	EndGlobalSection
	GlobalSection(ExtensibilityGlobals) = postSolution
		SolutionGuid = {7269DB7D-4DA0-40F6-93D8-0133A3BB81E0}
	EndGlobalSection
EndGlobal
